// !$*UTF8*$!
{
	archiveVersion = 1;
	classes = {
	};
	objectVersion = 50;
	objects = {

/* Begin PBXBuildFile section */
		F43FC52320CF98AC0054B294 /* AppDelegate.swift in Sources */ = {isa = PBXBuildFile; fileRef = F43FC52220CF98AC0054B294 /* AppDelegate.swift */; };
		F43FC52820CF98AC0054B294 /* Main.storyboard in Resources */ = {isa = PBXBuildFile; fileRef = F43FC52620CF98AC0054B294 /* Main.storyboard */; };
		F43FC52A20CF98AE0054B294 /* Assets.xcassets in Resources */ = {isa = PBXBuildFile; fileRef = F43FC52920CF98AE0054B294 /* Assets.xcassets */; };
		F43FC52D20CF98AE0054B294 /* LaunchScreen.storyboard in Resources */ = {isa = PBXBuildFile; fileRef = F43FC52B20CF98AE0054B294 /* LaunchScreen.storyboard */; };
		F43FC53620CF99AD0054B294 /* XLActionSheet.swift in Sources */ = {isa = PBXBuildFile; fileRef = F43FC53520CF99AD0054B294 /* XLActionSheet.swift */; };
		F43FC53820CF9B2F0054B294 /* XLActionSheetCell.swift in Sources */ = {isa = PBXBuildFile; fileRef = F43FC53720CF9B2F0054B294 /* XLActionSheetCell.swift */; };
		F43FC53B20CFA58D0054B294 /* MainViewController.swift in Sources */ = {isa = PBXBuildFile; fileRef = F43FC53920CFA58D0054B294 /* MainViewController.swift */; };
		F43FC53C20CFA58D0054B294 /* MainViewController.xib in Resources */ = {isa = PBXBuildFile; fileRef = F43FC53A20CFA58D0054B294 /* MainViewController.xib */; };
/* End PBXBuildFile section */

/* Begin PBXFileReference section */
		F43FC51F20CF98AC0054B294 /* XLActionSheetDemo.app */ = {isa = PBXFileReference; explicitFileType = wrapper.application; includeInIndex = 0; path = XLActionSheetDemo.app; sourceTree = BUILT_PRODUCTS_DIR; };
		F43FC52220CF98AC0054B294 /* AppDelegate.swift */ = {isa = PBXFileReference; lastKnownFileType = sourcecode.swift; path = AppDelegate.swift; sourceTree = "<group>"; };
		F43FC52720CF98AC0054B294 /* Base */ = {isa = PBXFileReference; lastKnownFileType = file.storyboard; name = Base; path = Base.lproj/Main.storyboard; sourceTree = "<group>"; };
		F43FC52920CF98AE0054B294 /* Assets.xcassets */ = {isa = PBXFileReference; lastKnownFileType = folder.assetcatalog; path = Assets.xcassets; sourceTree = "<group>"; };
		F43FC52C20CF98AE0054B294 /* Base */ = {isa = PBXFileReference; lastKnownFileType = file.storyboard; name = Base; path = Base.lproj/LaunchScreen.storyboard; sourceTree = "<group>"; };
		F43FC52E20CF98AE0054B294 /* Info.plist */ = {isa = PBXFileReference; lastKnownFileType = text.plist.xml; path = Info.plist; sourceTree = "<group>"; };
		F43FC53520CF99AD0054B294 /* XLActionSheet.swift */ = {isa = PBXFileReference; lastKnownFileType = sourcecode.swift; path = XLActionSheet.swift; sourceTree = "<group>"; };
		F43FC53720CF9B2F0054B294 /* XLActionSheetCell.swift */ = {isa = PBXFileReference; lastKnownFileType = sourcecode.swift; path = XLActionSheetCell.swift; sourceTree = "<group>"; };
		F43FC53920CFA58D0054B294 /* MainViewController.swift */ = {isa = PBXFileReference; lastKnownFileType = sourcecode.swift; path = MainViewController.swift; sourceTree = "<group>"; };
		F43FC53A20CFA58D0054B294 /* MainViewController.xib */ = {isa = PBXFileReference; lastKnownFileType = file.xib; path = MainViewController.xib; sourceTree = "<group>"; };
/* End PBXFileReference section */

/* Begin PBXFrameworksBuildPhase section */
		F43FC51C20CF98AC0054B294 /* Frameworks */ = {
			isa = PBXFrameworksBuildPhase;
			buildActionMask = 2147483647;
			files = (
			);
			runOnlyForDeploymentPostprocessing = 0;
		};
/* End PBXFrameworksBuildPhase section */

/* Begin PBXGroup section */
		F43FC51620CF98AC0054B294 = {
			isa = PBXGroup;
			children = (
				F43FC52120CF98AC0054B294 /* XLActionSheetDemo */,
				F43FC52020CF98AC0054B294 /* Products */,
			);
			sourceTree = "<group>";
		};
		F43FC52020CF98AC0054B294 /* Products */ = {
			isa = PBXGroup;
			children = (
				F43FC51F20CF98AC0054B294 /* XLActionSheetDemo.app */,
			);
			name = Products;
			sourceTree = "<group>";
		};
		F43FC52120CF98AC0054B294 /* XLActionSheetDemo */ = {
			isa = PBXGroup;
			children = (
				F43FC53420CF998F0054B294 /* Sheet */,
				F43FC52220CF98AC0054B294 /* AppDelegate.swift */,
				F43FC53920CFA58D0054B294 /* MainViewController.swift */,
				F43FC53A20CFA58D0054B294 /* MainViewController.xib */,
				F43FC52620CF98AC0054B294 /* Main.storyboard */,
				F43FC52920CF98AE0054B294 /* Assets.xcassets */,
				F43FC52B20CF98AE0054B294 /* LaunchScreen.storyboard */,
				F43FC52E20CF98AE0054B294 /* Info.plist */,
			);
			path = XLActionSheetDemo;
			sourceTree = "<group>";
		};
		F43FC53420CF998F0054B294 /* Sheet */ = {
			isa = PBXGroup;
			children = (
				F43FC53520CF99AD0054B294 /* XLActionSheet.swift */,
				F43FC53720CF9B2F0054B294 /* XLActionSheetCell.swift */,
			);
			path = Sheet;
			sourceTree = "<group>";
		};
/* End PBXGroup section */

/* Begin PBXNativeTarget section */
		F43FC51E20CF98AC0054B294 /* XLActionSheetDemo */ = {
			isa = PBXNativeTarget;
			buildConfigurationList = F43FC53120CF98AE0054B294 /* Build configuration list for PBXNativeTarget "XLActionSheetDemo" */;
			buildPhases = (
				F43FC51B20CF98AC0054B294 /* Sources */,
				F43FC51C20CF98AC0054B294 /* Frameworks */,
				F43FC51D20CF98AC0054B294 /* Resources */,
			);
			buildRules = (
			);
			dependencies = (
			);
			name = XLActionSheetDemo;
			productName = XLActionSheetDemo;
			productReference = F43FC51F20CF98AC0054B294 /* XLActionSheetDemo.app */;
			productType = "com.apple.product-type.application";
		};
/* End PBXNativeTarget section */

/* Begin PBXProject section */
		F43FC51720CF98AC0054B294 /* Project object */ = {
			isa = PBXProject;
			attributes = {
				LastSwiftUpdateCheck = 0930;
				LastUpgradeCheck = 0930;
				ORGANIZATIONNAME = Kayling;
				TargetAttributes = {
					F43FC51E20CF98AC0054B294 = {
						CreatedOnToolsVersion = 9.3;
					};
				};
			};
			buildConfigurationList = F43FC51A20CF98AC0054B294 /* Build configuration list for PBXProject "XLActionSheetDemo" */;
			compatibilityVersion = "Xcode 9.3";
			developmentRegion = en;
			hasScannedForEncodings = 0;
			knownRegions = (
				en,
				Base,
			);
			mainGroup = F43FC51620CF98AC0054B294;
			productRefGroup = F43FC52020CF98AC0054B294 /* Products */;
			projectDirPath = "";
			projectRoot = "";
			targets = (
				F43FC51E20CF98AC0054B294 /* XLActionSheetDemo */,
			);
		};
/* End PBXProject section */

/* Begin PBXResourcesBuildPhase section */
		F43FC51D20CF98AC0054B294 /* Resources */ = {
			isa = PBXResourcesBuildPhase;
			buildActionMask = 2147483647;
			files = (
				F43FC52D20CF98AE0054B294 /* LaunchScreen.storyboard in Resources */,
				F43FC52A20CF98AE0054B294 /* Assets.xcassets in Resources */,
				F43FC52820CF98AC0054B294 /* Main.storyboard in Resources */,
				F43FC53C20CFA58D0054B294 /* MainViewController.xib in Resources */,
			);
			runOnlyForDeploymentPostprocessing = 0;
		};
/* End PBXResourcesBuildPhase section */

/* Begin PBXSourcesBuildPhase section */
		F43FC51B20CF98AC0054B294 /* Sources */ = {
			isa = PBXSourcesBuildPhase;
			buildActionMask = 2147483647;
			files = (
				F43FC53620CF99AD0054B294 /* XLActionSheet.swift in Sources */,
				F43FC53820CF9B2F0054B294 /* XLActionSheetCell.swift in Sources */,
				F43FC52320CF98AC0054B294 /* AppDelegate.swift in Sources */,
				F43FC53B20CFA58D0054B294 /* MainViewController.swift in Sources */,
			);
			runOnlyForDeploymentPostprocessing = 0;
		};
/* End PBXSourcesBuildPhase section */

/* Begin PBXVariantGroup section */
		F43FC52620CF98AC0054B294 /* Main.storyboard */ = {
			isa = PBXVariantGroup;
			children = (
				F43FC52720CF98AC0054B294 /* Base */,
			);
			name = Main.storyboard;
			sourceTree = "<group>";
		};
		F43FC52B20CF98AE0054B294 /* LaunchScreen.storyboard */ = {
			isa = PBXVariantGroup;
			children = (
				F43FC52C20CF98AE0054B294 /* Base */,
			);
			name = LaunchScreen.storyboard;
			sourceTree = "<group>";
		};
/* End PBXVariantGroup section */

/* Begin XCBuildConfiguration section */
		F43FC52F20CF98AE0054B294 /* Debug */ = {
			isa = XCBuildConfiguration;
			buildSettings = {
				ALWAYS_SEARCH_USER_PATHS = NO;
				CLANG_ANALYZER_NONNULL = YES;
				CLANG_ANALYZER_NUMBER_OBJECT_CONVERSION = YES_AGGRESSIVE;
				CLANG_CXX_LANGUAGE_STANDARD = "gnu++14";
				CLANG_CXX_LIBRARY = "libc++";
				CLANG_ENABLE_MODULES = YES;
				CLANG_ENABLE_OBJC_ARC = YES;
				CLANG_ENABLE_OBJC_WEAK = YES;
				CLANG_WARN_BLOCK_CAPTURE_AUTORELEASING = YES;
				CLANG_WARN_BOOL_CONVERSION = YES;
				CLANG_WARN_COMMA = YES;
				CLANG_WARN_CONSTANT_CONVERSION = YES;
				CLANG_WARN_DEPRECATED_OBJC_IMPLEMENTATIONS = YES;
				CLANG_WARN_DIRECT_OBJC_ISA_USAGE = YES_ERROR;
				CLANG_WARN_DOCUMENTATION_COMMENTS = YES;
				CLANG_WARN_EMPTY_BODY = YES;
				CLANG_WARN_ENUM_CONVERSION = YES;
				CLANG_WARN_INFINITE_RECURSION = YES;
				CLANG_WARN_INT_CONVERSION = YES;
				CLANG_WARN_NON_LITERAL_NULL_CONVERSION = YES;
				CLANG_WARN_OBJC_IMPLICIT_RETAIN_SELF = YES;
				CLANG_WARN_OBJC_LITERAL_CONVERSION = YES;
				CLANG_WARN_OBJC_ROOT_CLASS = YES_ERROR;
				CLANG_WARN_RANGE_LOOP_ANALYSIS = YES;
				CLANG_WARN_STRICT_PROTOTYPES = YES;
				CLANG_WARN_SUSPICIOUS_MOVE = YES;
				CLANG_WARN_UNGUARDED_AVAILABILITY = YES_AGGRESSIVE;
				CLANG_WARN_UNREACHABLE_CODE = YES;
				CLANG_WARN__DUPLICATE_METHOD_MATCH = YES;
				CODE_SIGN_IDENTITY = "iPhone Developer";
				COPY_PHASE_STRIP = NO;
				DEBUG_INFORMATION_FORMAT = dwarf;
				ENABLE_STRICT_OBJC_MSGSEND = YES;
				ENABLE_TESTABILITY = YES;
				GCC_C_LANGUAGE_STANDARD = gnu11;
				GCC_DYNAMIC_NO_PIC = NO;
				GCC_NO_COMMON_BLOCKS = YES;
				GCC_OPTIMIZATION_LEVEL = 0;
				GCC_PREPROCESSOR_DEFINITIONS = (
					"DEBUG=1",
					"$(inherited)",
				);
				GCC_WARN_64_TO_32_BIT_CONVERSION = YES;
				GCC_WARN_ABOUT_RETURN_TYPE = YES_ERROR;
				GCC_WARN_UNDECLARED_SELECTOR = YES;
				GCC_WARN_UNINITIALIZED_AUTOS = YES_AGGRESSIVE;
				GCC_WARN_UNUSED_FUNCTION = YES;
				GCC_WARN_UNUSED_VARIABLE = YES;
				IPHONEOS_DEPLOYMENT_TARGET = 11.3;
				MTL_ENABLE_DEBUG_INFO = YES;
				ONLY_ACTIVE_ARCH = YES;
				SDKROOT = iphoneos;
				SWIFT_ACTIVE_COMPILATION_CONDITIONS = DEBUG;
				SWIFT_OPTIMIZATION_LEVEL = "-Onone";
			};
			name = Debug;
		};
		F43FC53020CF98AE0054B294 /* Release */ = {
			isa = XCBuildConfiguration;
			buildSettings = {
				ALWAYS_SEARCH_USER_PATHS = NO;
				CLANG_ANALYZER_NONNULL = YES;
				CLANG_ANALYZER_NUMBER_OBJECT_CONVERSION = YES_AGGRESSIVE;
				CLANG_CXX_LANGUAGE_STANDARD = "gnu++14";
				CLANG_CXX_LIBRARY = "libc++";
				CLANG_ENABLE_MODULES = YES;
				CLANG_ENABLE_OBJC_ARC = YES;
				CLANG_ENABLE_OBJC_WEAK = YES;
				CLANG_WARN_BLOCK_CAPTURE_AUTORELEASING = YES;
				CLANG_WARN_BOOL_CONVERSION = YES;
				CLANG_WARN_COMMA = YES;
				CLANG_WARN_CONSTANT_CONVERSION = YES;
				CLANG_WARN_DEPRECATED_OBJC_IMPLEMENTATIONS = YES;
				CLANG_WARN_DIRECT_OBJC_ISA_USAGE = YES_ERROR;
				CLANG_WARN_DOCUMENTATION_COMMENTS = YES;
				CLANG_WARN_EMPTY_BODY = YES;
				CLANG_WARN_ENUM_CONVERSION = YES;
				CLANG_WARN_INFINITE_RECURSION = YES;
				CLANG_WARN_INT_CONVERSION = YES;
				CLANG_WARN_NON_LITERAL_NULL_CONVERSION = YES;
				CLANG_WARN_OBJC_IMPLICIT_RETAIN_SELF = YES;
				CLANG_WARN_OBJC_LITERAL_CONVERSION = YES;
				CLANG_WARN_OBJC_ROOT_CLASS = YES_ERROR;
				CLANG_WARN_RANGE_LOOP_ANALYSIS = YES;
				CLANG_WARN_STRICT_PROTOTYPES = YES;
				CLANG_WARN_SUSPICIOUS_MOVE = YES;
				CLANG_WARN_UNGUARDED_AVAILABILITY = YES_AGGRESSIVE;
				CLANG_WARN_UNREACHABLE_CODE = YES;
				CLANG_WARN__DUPLICATE_METHOD_MATCH = YES;
				CODE_SIGN_IDENTITY = "iPhone Developer";
				COPY_PHASE_STRIP = NO;
				DEBUG_INFORMATION_FORMAT = "dwarf-with-dsym";
				ENABLE_NS_ASSERTIONS = NO;
				ENABLE_STRICT_OBJC_MSGSEND = YES;
				GCC_C_LANGUAGE_STANDARD = gnu11;
				GCC_NO_COMMON_BLOCKS = YES;
				GCC_WARN_64_TO_32_BIT_CONVERSION = YES;
				GCC_WARN_ABOUT_RETURN_TYPE = YES_ERROR;
				GCC_WARN_UNDECLARED_SELECTOR = YES;
				GCC_WARN_UNINITIALIZED_AUTOS = YES_AGGRESSIVE;
				GCC_WARN_UNUSED_FUNCTION = YES;
				GCC_WARN_UNUSED_VARIABLE = YES;
				IPHONEOS_DEPLOYMENT_TARGET = 11.3;
				MTL_ENABLE_DEBUG_INFO = NO;
				SDKROOT = iphoneos;
				SWIFT_COMPILATION_MODE = wholemodule;
				SWIFT_OPTIMIZATION_LEVEL = "-O";
				VALIDATE_PRODUCT = YES;
			};
			name = Release;
		};
		F43FC53220CF98AE0054B294 /* Debug */ = {
			isa = XCBuildConfiguration;
			buildSettings = {
				ASSETCATALOG_COMPILER_APPICON_NAME = AppIcon;
				CODE_SIGN_STYLE = Automatic;
				DEVELOPMENT_TEAM = 3VWZXR7N29;
				INFOPLIST_FILE = XLActionSheetDemo/Info.plist;
				LD_RUNPATH_SEARCH_PATHS = (
					"$(inherited)",
					"@executable_path/Frameworks",
				);
				PRODUCT_BUNDLE_IDENTIFIER = com.rongyu.XLActionSheetDemo;
				PRODUCT_NAME = "$(TARGET_NAME)";
				SWIFT_VERSION = 4.0;
				TARGETED_DEVICE_FAMILY = "1,2";
			};
			name = Debug;
		};
		F43FC53320CF98AE0054B294 /* Release */ = {
			isa = XCBuildConfiguration;
			buildSettings = {
				ASSETCATALOG_COMPILER_APPICON_NAME = AppIcon;
				CODE_SIGN_STYLE = Automatic;
				DEVELOPMENT_TEAM = 3VWZXR7N29;
				INFOPLIST_FILE = XLActionSheetDemo/Info.plist;
				LD_RUNPATH_SEARCH_PATHS = (
					"$(inherited)",
					"@executable_path/Frameworks",
				);
				PRODUCT_BUNDLE_IDENTIFIER = com.rongyu.XLActionSheetDemo;
				PRODUCT_NAME = "$(TARGET_NAME)";
				SWIFT_VERSION = 4.0;
				TARGETED_DEVICE_FAMILY = "1,2";
			};
			name = Release;
		};
/* End XCBuildConfiguration section */

/* Begin XCConfigurationList section */
		F43FC51A20CF98AC0054B294 /* Build configuration list for PBXProject "XLActionSheetDemo" */ = {
			isa = XCConfigurationList;
			buildConfigurations = (
				F43FC52F20CF98AE0054B294 /* Debug */,
				F43FC53020CF98AE0054B294 /* Release */,
			);
			defaultConfigurationIsVisible = 0;
			defaultConfigurationName = Release;
		};
		F43FC53120CF98AE0054B294 /* Build configuration list for PBXNativeTarget "XLActionSheetDemo" */ = {
			isa = XCConfigurationList;
			buildConfigurations = (
				F43FC53220CF98AE0054B294 /* Debug */,
				F43FC53320CF98AE0054B294 /* Release */,
			);
			defaultConfigurationIsVisible = 0;
			defaultConfigurationName = Release;
		};
/* End XCConfigurationList section */
	};
	rootObject = F43FC51720CF98AC0054B294 /* Project object */;
}
